<?xml version="1.0" encoding="utf-8"?>
<Project ToolsVersion="4.0" xmlns="http://schemas.microsoft.com/developer/msbuild/2003">
  <ItemGroup>
    <Filter Include="Source Files">
      <UniqueIdentifier>{4FC737F1-C7A5-4376-A066-2A32D752A2FF}</UniqueIdentifier>
      <Extensions>cpp;c;cc;cxx;def;odl;idl;hpj;bat;asm;asmx</Extensions>
    </Filter>
    <Filter Include="Source Files\Win32">
      <UniqueIdentifier>{68fe2825-52ff-4c24-b69a-e708eb448f2f}</UniqueIdentifier>
    </Filter>
    <Filter Include="Source Files\common">
      <UniqueIdentifier>{0c1d371f-aecf-4bb8-86ce-b36afdd6ccbc}</UniqueIdentifier>
    </Filter>
    <Filter Include="Source Files\nix">
      <UniqueIdentifier>{89daa226-61cd-4735-bfe1-a1b9bb6a83e4}</UniqueIdentifier>
    </Filter>
  </ItemGroup>
  <ItemGroup>
    <ClCompile Include="..\delFiles.cpp">
      <Filter>Source Files</Filter>
    </ClCompile>
    <ClCompile Include="..\main.cpp">
      <Filter>Source Files</Filter>
    </ClCompile>
    <ClCompile Include="..\unix\unix.cpp">
      <Filter>Source Files\nix</Filter>
    </ClCompile>
    <ClCompile Include="Win32.cpp">
      <Filter>Source Files\Win32</Filter>
    </ClCompile>
    <ClCompile Include="..\implOC.cpp">
      <Filter>Source Files\common</Filter>
    </ClCompile>
  </ItemGroup>
  <ItemGroup>
    <ClInclude Include="..\unix\unix.h">
      <Filter>Source Files\nix</Filter>
    </ClInclude>
    <ClInclude Include="Win32.h">
      <Filter>Source Files\Win32</Filter>
    </ClInclude>
    <ClInclude Include="..\implOC.h">
      <Filter>Source Files\common</Filter>
    </ClInclude>
    <ClInclude Include="..\delFiles.h">
      <Filter>Source Files</Filter>
    </ClInclude>
  </ItemGroup>
</Project>